
Microsoft Visual Studio Solution File, Format Version 12.00
# Visual Studio 2013
VisualStudioVersion = 12.0.21005.1
MinimumVisualStudioVersion = 10.0.40219.1
Project("{FAE04EC0-301F-11D3-BF4B-00C04F79EFBC}") = "PickMeAppGlobal", "PickMeAppGlobal\PickMeAppGlobal.csproj", "{E2F2427A-B037-4915-91C8-B5171341734A}"
EndProject
Project("{FAE04EC0-301F-11D3-BF4B-00C04F79EFBC}") = "PickMeAppGlobal.Tests", "PickMeAppGlobal.Tests\PickMeAppGlobal.Tests.csproj", "{D0F566BC-F6C6-48BB-8CA1-D228102E45AB}"
EndProject
Project("{FAE04EC0-301F-11D3-BF4B-00C04F79EFBC}") = "PickMeAppGlobal.Data", "PickMeAppGlobal.Data\PickMeAppGlobal.Data.csproj", "{CD35DCA7-443D-418F-9F72-9FF7AD0964D6}"
EndProject
Project("{FAE04EC0-301F-11D3-BF4B-00C04F79EFBC}") = "PickMeAppGlobal.Core", "PickMeAppGlobal.Core\PickMeAppGlobal.Core.csproj", "{CCA3342C-D280-4395-A972-0DA30C336C86}"
EndProject
Project("{FAE04EC0-301F-11D3-BF4B-00C04F79EFBC}") = "PickMeAppGlobal.Service", "PickMeAppGlobal.Service\PickMeAppGlobal.Service.csproj", "{AF9A0CD5-EA39-41AB-B956-467028E06161}"
EndProject
Project("{FAE04EC0-301F-11D3-BF4B-00C04F79EFBC}") = "PickMeAppGlobal.ViewModel", "PickMeAppGlobal.ViewModel\PickMeAppGlobal.ViewModel.csproj", "{198C8DA2-D8ED-470C-9C94-6102B6093140}"
EndProject
Global
	GlobalSection(SolutionConfigurationPlatforms) = preSolution
		Debug|Any CPU = Debug|Any CPU
		Release|Any CPU = Release|Any CPU
	EndGlobalSection
	GlobalSection(ProjectConfigurationPlatforms) = postSolution
		{E2F2427A-B037-4915-91C8-B5171341734A}.Debug|Any CPU.ActiveCfg = Debug|Any CPU
		{E2F2427A-B037-4915-91C8-B5171341734A}.Debug|Any CPU.Build.0 = Debug|Any CPU
		{E2F2427A-B037-4915-91C8-B5171341734A}.Release|Any CPU.ActiveCfg = Release|Any CPU
		{E2F2427A-B037-4915-91C8-B5171341734A}.Release|Any CPU.Build.0 = Release|Any CPU
		{D0F566BC-F6C6-48BB-8CA1-D228102E45AB}.Debug|Any CPU.ActiveCfg = Debug|Any CPU
		{D0F566BC-F6C6-48BB-8CA1-D228102E45AB}.Debug|Any CPU.Build.0 = Debug|Any CPU
		{D0F566BC-F6C6-48BB-8CA1-D228102E45AB}.Release|Any CPU.ActiveCfg = Release|Any CPU
		{D0F566BC-F6C6-48BB-8CA1-D228102E45AB}.Release|Any CPU.Build.0 = Release|Any CPU
		{CD35DCA7-443D-418F-9F72-9FF7AD0964D6}.Debug|Any CPU.ActiveCfg = Debug|Any CPU
		{CD35DCA7-443D-418F-9F72-9FF7AD0964D6}.Debug|Any CPU.Build.0 = Debug|Any CPU
		{CD35DCA7-443D-418F-9F72-9FF7AD0964D6}.Release|Any CPU.ActiveCfg = Release|Any CPU
		{CD35DCA7-443D-418F-9F72-9FF7AD0964D6}.Release|Any CPU.Build.0 = Release|Any CPU
		{CCA3342C-D280-4395-A972-0DA30C336C86}.Debug|Any CPU.ActiveCfg = Debug|Any CPU
		{CCA3342C-D280-4395-A972-0DA30C336C86}.Debug|Any CPU.Build.0 = Debug|Any CPU
		{CCA3342C-D280-4395-A972-0DA30C336C86}.Release|Any CPU.ActiveCfg = Release|Any CPU
		{CCA3342C-D280-4395-A972-0DA30C336C86}.Release|Any CPU.Build.0 = Release|Any CPU
		{AF9A0CD5-EA39-41AB-B956-467028E06161}.Debug|Any CPU.ActiveCfg = Debug|Any CPU
		{AF9A0CD5-EA39-41AB-B956-467028E06161}.Debug|Any CPU.Build.0 = Debug|Any CPU
		{AF9A0CD5-EA39-41AB-B956-467028E06161}.Release|Any CPU.ActiveCfg = Release|Any CPU
		{AF9A0CD5-EA39-41AB-B956-467028E06161}.Release|Any CPU.Build.0 = Release|Any CPU
		{198C8DA2-D8ED-470C-9C94-6102B6093140}.Debug|Any CPU.ActiveCfg = Debug|Any CPU
		{198C8DA2-D8ED-470C-9C94-6102B6093140}.Debug|Any CPU.Build.0 = Debug|Any CPU
		{198C8DA2-D8ED-470C-9C94-6102B6093140}.Release|Any CPU.ActiveCfg = Release|Any CPU
		{198C8DA2-D8ED-470C-9C94-6102B6093140}.Release|Any CPU.Build.0 = Release|Any CPU
	EndGlobalSection
	GlobalSection(SolutionProperties) = preSolution
		HideSolutionNode = FALSE
	EndGlobalSection
EndGlobal
