
Microsoft Visual Studio Solution File, Format Version 12.00
# Visual Studio 2013
VisualStudioVersion = 12.0.31101.0
MinimumVisualStudioVersion = 10.0.40219.1
Project("{FAE04EC0-301F-11D3-BF4B-00C04F79EFBC}") = "PickMeAppGlobal", "PickMeAppGlobal\PickMeAppGlobal.csproj", "{E2F2427A-B037-4915-91C8-B5171341734A}"
EndProject
Project("{FAE04EC0-301F-11D3-BF4B-00C04F79EFBC}") = "PickMeAppGlobal.Tests", "PickMeAppGlobal.Tests\PickMeAppGlobal.Tests.csproj", "{D0F566BC-F6C6-48BB-8CA1-D228102E45AB}"
EndProject
Project("{FAE04EC0-301F-11D3-BF4B-00C04F79EFBC}") = "PickMeAppGlobal.Data", "PickMeAppGlobal.Data\PickMeAppGlobal.Data.csproj", "{CD35DCA7-443D-418F-9F72-9FF7AD0964D6}"
EndProject
Project("{FAE04EC0-301F-11D3-BF4B-00C04F79EFBC}") = "PickMeAppGlobal.Core", "PickMeAppGlobal.Core\PickMeAppGlobal.Core.csproj", "{CCA3342C-D280-4395-A972-0DA30C336C86}"
EndProject
Project("{FAE04EC0-301F-11D3-BF4B-00C04F79EFBC}") = "PickMeAppGlobal.Service", "PickMeAppGlobal.Service\PickMeAppGlobal.Service.csproj", "{AF9A0CD5-EA39-41AB-B956-467028E06161}"
EndProject
Project("{FAE04EC0-301F-11D3-BF4B-00C04F79EFBC}") = "PickMeAppGlobal.ViewModel", "PickMeAppGlobal.ViewModel\PickMeAppGlobal.ViewModel.csproj", "{198C8DA2-D8ED-470C-9C94-6102B6093140}"
EndProject
Project("{FAE04EC0-301F-11D3-BF4B-00C04F79EFBC}") = "CoordsChangeEmulation", "CoordsChangeEmulation\CoordsChangeEmulation.csproj", "{CF4CB328-BB81-4E78-A97D-C693F6493F5C}"
EndProject
Project("{FAE04EC0-301F-11D3-BF4B-00C04F79EFBC}") = "Jobs", "Jobs\Jobs.csproj", "{A6531BF1-B3D9-4837-AC6A-520C584AC4FF}"
EndProject
Global
	GlobalSection(SolutionConfigurationPlatforms) = preSolution
		Debug|Android = Debug|Android
		Debug|Any CPU = Debug|Any CPU
		Debug|iOS = Debug|iOS
		Debug|Mixed Platforms = Debug|Mixed Platforms
		Debug|Windows Phone (Universal) = Debug|Windows Phone (Universal)
		Debug|Windows Phone 8 = Debug|Windows Phone 8
		Debug|Windows-AnyCPU = Debug|Windows-AnyCPU
		Debug|Windows-ARM = Debug|Windows-ARM
		Debug|Windows-x64 = Debug|Windows-x64
		Debug|Windows-x86 = Debug|Windows-x86
		Distribution|Android = Distribution|Android
		Distribution|Any CPU = Distribution|Any CPU
		Distribution|iOS = Distribution|iOS
		Distribution|Mixed Platforms = Distribution|Mixed Platforms
		Distribution|Windows Phone (Universal) = Distribution|Windows Phone (Universal)
		Distribution|Windows Phone 8 = Distribution|Windows Phone 8
		Distribution|Windows-AnyCPU = Distribution|Windows-AnyCPU
		Distribution|Windows-ARM = Distribution|Windows-ARM
		Distribution|Windows-x64 = Distribution|Windows-x64
		Distribution|Windows-x86 = Distribution|Windows-x86
		Release|Android = Release|Android
		Release|Any CPU = Release|Any CPU
		Release|iOS = Release|iOS
		Release|Mixed Platforms = Release|Mixed Platforms
		Release|Windows Phone (Universal) = Release|Windows Phone (Universal)
		Release|Windows Phone 8 = Release|Windows Phone 8
		Release|Windows-AnyCPU = Release|Windows-AnyCPU
		Release|Windows-ARM = Release|Windows-ARM
		Release|Windows-x64 = Release|Windows-x64
		Release|Windows-x86 = Release|Windows-x86
	EndGlobalSection
	GlobalSection(ProjectConfigurationPlatforms) = postSolution
		{E2F2427A-B037-4915-91C8-B5171341734A}.Debug|Android.ActiveCfg = Debug|Any CPU
		{E2F2427A-B037-4915-91C8-B5171341734A}.Debug|Any CPU.ActiveCfg = Debug|Any CPU
		{E2F2427A-B037-4915-91C8-B5171341734A}.Debug|Any CPU.Build.0 = Debug|Any CPU
		{E2F2427A-B037-4915-91C8-B5171341734A}.Debug|iOS.ActiveCfg = Debug|Any CPU
		{E2F2427A-B037-4915-91C8-B5171341734A}.Debug|Mixed Platforms.ActiveCfg = Debug|Any CPU
		{E2F2427A-B037-4915-91C8-B5171341734A}.Debug|Mixed Platforms.Build.0 = Debug|Any CPU
		{E2F2427A-B037-4915-91C8-B5171341734A}.Debug|Windows Phone (Universal).ActiveCfg = Debug|Any CPU
		{E2F2427A-B037-4915-91C8-B5171341734A}.Debug|Windows Phone 8.ActiveCfg = Debug|Any CPU
		{E2F2427A-B037-4915-91C8-B5171341734A}.Debug|Windows-AnyCPU.ActiveCfg = Debug|Any CPU
		{E2F2427A-B037-4915-91C8-B5171341734A}.Debug|Windows-ARM.ActiveCfg = Debug|Any CPU
		{E2F2427A-B037-4915-91C8-B5171341734A}.Debug|Windows-x64.ActiveCfg = Debug|Any CPU
		{E2F2427A-B037-4915-91C8-B5171341734A}.Debug|Windows-x86.ActiveCfg = Debug|Any CPU
		{E2F2427A-B037-4915-91C8-B5171341734A}.Distribution|Android.ActiveCfg = Debug|Any CPU
		{E2F2427A-B037-4915-91C8-B5171341734A}.Distribution|Any CPU.ActiveCfg = Debug|Any CPU
		{E2F2427A-B037-4915-91C8-B5171341734A}.Distribution|Any CPU.Build.0 = Debug|Any CPU
		{E2F2427A-B037-4915-91C8-B5171341734A}.Distribution|iOS.ActiveCfg = Debug|Any CPU
		{E2F2427A-B037-4915-91C8-B5171341734A}.Distribution|Mixed Platforms.ActiveCfg = Debug|Any CPU
		{E2F2427A-B037-4915-91C8-B5171341734A}.Distribution|Mixed Platforms.Build.0 = Debug|Any CPU
		{E2F2427A-B037-4915-91C8-B5171341734A}.Distribution|Windows Phone (Universal).ActiveCfg = Debug|Any CPU
		{E2F2427A-B037-4915-91C8-B5171341734A}.Distribution|Windows Phone 8.ActiveCfg = Debug|Any CPU
		{E2F2427A-B037-4915-91C8-B5171341734A}.Distribution|Windows-AnyCPU.ActiveCfg = Debug|Any CPU
		{E2F2427A-B037-4915-91C8-B5171341734A}.Distribution|Windows-ARM.ActiveCfg = Debug|Any CPU
		{E2F2427A-B037-4915-91C8-B5171341734A}.Distribution|Windows-x64.ActiveCfg = Debug|Any CPU
		{E2F2427A-B037-4915-91C8-B5171341734A}.Distribution|Windows-x86.ActiveCfg = Debug|Any CPU
		{E2F2427A-B037-4915-91C8-B5171341734A}.Release|Android.ActiveCfg = Release|Any CPU
		{E2F2427A-B037-4915-91C8-B5171341734A}.Release|Any CPU.ActiveCfg = Release|Any CPU
		{E2F2427A-B037-4915-91C8-B5171341734A}.Release|Any CPU.Build.0 = Release|Any CPU
		{E2F2427A-B037-4915-91C8-B5171341734A}.Release|iOS.ActiveCfg = Release|Any CPU
		{E2F2427A-B037-4915-91C8-B5171341734A}.Release|Mixed Platforms.ActiveCfg = Release|Any CPU
		{E2F2427A-B037-4915-91C8-B5171341734A}.Release|Mixed Platforms.Build.0 = Release|Any CPU
		{E2F2427A-B037-4915-91C8-B5171341734A}.Release|Windows Phone (Universal).ActiveCfg = Release|Any CPU
		{E2F2427A-B037-4915-91C8-B5171341734A}.Release|Windows Phone 8.ActiveCfg = Release|Any CPU
		{E2F2427A-B037-4915-91C8-B5171341734A}.Release|Windows-AnyCPU.ActiveCfg = Release|Any CPU
		{E2F2427A-B037-4915-91C8-B5171341734A}.Release|Windows-ARM.ActiveCfg = Release|Any CPU
		{E2F2427A-B037-4915-91C8-B5171341734A}.Release|Windows-x64.ActiveCfg = Release|Any CPU
		{E2F2427A-B037-4915-91C8-B5171341734A}.Release|Windows-x86.ActiveCfg = Release|Any CPU
		{D0F566BC-F6C6-48BB-8CA1-D228102E45AB}.Debug|Android.ActiveCfg = Debug|Any CPU
		{D0F566BC-F6C6-48BB-8CA1-D228102E45AB}.Debug|Any CPU.ActiveCfg = Debug|Any CPU
		{D0F566BC-F6C6-48BB-8CA1-D228102E45AB}.Debug|Any CPU.Build.0 = Debug|Any CPU
		{D0F566BC-F6C6-48BB-8CA1-D228102E45AB}.Debug|iOS.ActiveCfg = Debug|Any CPU
		{D0F566BC-F6C6-48BB-8CA1-D228102E45AB}.Debug|Mixed Platforms.ActiveCfg = Debug|Any CPU
		{D0F566BC-F6C6-48BB-8CA1-D228102E45AB}.Debug|Mixed Platforms.Build.0 = Debug|Any CPU
		{D0F566BC-F6C6-48BB-8CA1-D228102E45AB}.Debug|Windows Phone (Universal).ActiveCfg = Debug|Any CPU
		{D0F566BC-F6C6-48BB-8CA1-D228102E45AB}.Debug|Windows Phone 8.ActiveCfg = Debug|Any CPU
		{D0F566BC-F6C6-48BB-8CA1-D228102E45AB}.Debug|Windows-AnyCPU.ActiveCfg = Debug|Any CPU
		{D0F566BC-F6C6-48BB-8CA1-D228102E45AB}.Debug|Windows-ARM.ActiveCfg = Debug|Any CPU
		{D0F566BC-F6C6-48BB-8CA1-D228102E45AB}.Debug|Windows-x64.ActiveCfg = Debug|Any CPU
		{D0F566BC-F6C6-48BB-8CA1-D228102E45AB}.Debug|Windows-x86.ActiveCfg = Debug|Any CPU
		{D0F566BC-F6C6-48BB-8CA1-D228102E45AB}.Distribution|Android.ActiveCfg = Debug|Any CPU
		{D0F566BC-F6C6-48BB-8CA1-D228102E45AB}.Distribution|Any CPU.ActiveCfg = Debug|Any CPU
		{D0F566BC-F6C6-48BB-8CA1-D228102E45AB}.Distribution|Any CPU.Build.0 = Debug|Any CPU
		{D0F566BC-F6C6-48BB-8CA1-D228102E45AB}.Distribution|iOS.ActiveCfg = Debug|Any CPU
		{D0F566BC-F6C6-48BB-8CA1-D228102E45AB}.Distribution|Mixed Platforms.ActiveCfg = Debug|Any CPU
		{D0F566BC-F6C6-48BB-8CA1-D228102E45AB}.Distribution|Mixed Platforms.Build.0 = Debug|Any CPU
		{D0F566BC-F6C6-48BB-8CA1-D228102E45AB}.Distribution|Windows Phone (Universal).ActiveCfg = Debug|Any CPU
		{D0F566BC-F6C6-48BB-8CA1-D228102E45AB}.Distribution|Windows Phone 8.ActiveCfg = Debug|Any CPU
		{D0F566BC-F6C6-48BB-8CA1-D228102E45AB}.Distribution|Windows-AnyCPU.ActiveCfg = Debug|Any CPU
		{D0F566BC-F6C6-48BB-8CA1-D228102E45AB}.Distribution|Windows-ARM.ActiveCfg = Debug|Any CPU
		{D0F566BC-F6C6-48BB-8CA1-D228102E45AB}.Distribution|Windows-x64.ActiveCfg = Debug|Any CPU
		{D0F566BC-F6C6-48BB-8CA1-D228102E45AB}.Distribution|Windows-x86.ActiveCfg = Debug|Any CPU
		{D0F566BC-F6C6-48BB-8CA1-D228102E45AB}.Release|Android.ActiveCfg = Release|Any CPU
		{D0F566BC-F6C6-48BB-8CA1-D228102E45AB}.Release|Any CPU.ActiveCfg = Release|Any CPU
		{D0F566BC-F6C6-48BB-8CA1-D228102E45AB}.Release|Any CPU.Build.0 = Release|Any CPU
		{D0F566BC-F6C6-48BB-8CA1-D228102E45AB}.Release|iOS.ActiveCfg = Release|Any CPU
		{D0F566BC-F6C6-48BB-8CA1-D228102E45AB}.Release|Mixed Platforms.ActiveCfg = Release|Any CPU
		{D0F566BC-F6C6-48BB-8CA1-D228102E45AB}.Release|Mixed Platforms.Build.0 = Release|Any CPU
		{D0F566BC-F6C6-48BB-8CA1-D228102E45AB}.Release|Windows Phone (Universal).ActiveCfg = Release|Any CPU
		{D0F566BC-F6C6-48BB-8CA1-D228102E45AB}.Release|Windows Phone 8.ActiveCfg = Release|Any CPU
		{D0F566BC-F6C6-48BB-8CA1-D228102E45AB}.Release|Windows-AnyCPU.ActiveCfg = Release|Any CPU
		{D0F566BC-F6C6-48BB-8CA1-D228102E45AB}.Release|Windows-ARM.ActiveCfg = Release|Any CPU
		{D0F566BC-F6C6-48BB-8CA1-D228102E45AB}.Release|Windows-x64.ActiveCfg = Release|Any CPU
		{D0F566BC-F6C6-48BB-8CA1-D228102E45AB}.Release|Windows-x86.ActiveCfg = Release|Any CPU
		{CD35DCA7-443D-418F-9F72-9FF7AD0964D6}.Debug|Android.ActiveCfg = Debug|Any CPU
		{CD35DCA7-443D-418F-9F72-9FF7AD0964D6}.Debug|Any CPU.ActiveCfg = Debug|Any CPU
		{CD35DCA7-443D-418F-9F72-9FF7AD0964D6}.Debug|Any CPU.Build.0 = Debug|Any CPU
		{CD35DCA7-443D-418F-9F72-9FF7AD0964D6}.Debug|iOS.ActiveCfg = Debug|Any CPU
		{CD35DCA7-443D-418F-9F72-9FF7AD0964D6}.Debug|Mixed Platforms.ActiveCfg = Debug|Any CPU
		{CD35DCA7-443D-418F-9F72-9FF7AD0964D6}.Debug|Mixed Platforms.Build.0 = Debug|Any CPU
		{CD35DCA7-443D-418F-9F72-9FF7AD0964D6}.Debug|Windows Phone (Universal).ActiveCfg = Debug|Any CPU
		{CD35DCA7-443D-418F-9F72-9FF7AD0964D6}.Debug|Windows Phone 8.ActiveCfg = Debug|Any CPU
		{CD35DCA7-443D-418F-9F72-9FF7AD0964D6}.Debug|Windows-AnyCPU.ActiveCfg = Debug|Any CPU
		{CD35DCA7-443D-418F-9F72-9FF7AD0964D6}.Debug|Windows-ARM.ActiveCfg = Debug|Any CPU
		{CD35DCA7-443D-418F-9F72-9FF7AD0964D6}.Debug|Windows-x64.ActiveCfg = Debug|Any CPU
		{CD35DCA7-443D-418F-9F72-9FF7AD0964D6}.Debug|Windows-x86.ActiveCfg = Debug|Any CPU
		{CD35DCA7-443D-418F-9F72-9FF7AD0964D6}.Distribution|Android.ActiveCfg = Debug|Any CPU
		{CD35DCA7-443D-418F-9F72-9FF7AD0964D6}.Distribution|Any CPU.ActiveCfg = Debug|Any CPU
		{CD35DCA7-443D-418F-9F72-9FF7AD0964D6}.Distribution|Any CPU.Build.0 = Debug|Any CPU
		{CD35DCA7-443D-418F-9F72-9FF7AD0964D6}.Distribution|iOS.ActiveCfg = Debug|Any CPU
		{CD35DCA7-443D-418F-9F72-9FF7AD0964D6}.Distribution|Mixed Platforms.ActiveCfg = Debug|Any CPU
		{CD35DCA7-443D-418F-9F72-9FF7AD0964D6}.Distribution|Mixed Platforms.Build.0 = Debug|Any CPU
		{CD35DCA7-443D-418F-9F72-9FF7AD0964D6}.Distribution|Windows Phone (Universal).ActiveCfg = Debug|Any CPU
		{CD35DCA7-443D-418F-9F72-9FF7AD0964D6}.Distribution|Windows Phone 8.ActiveCfg = Debug|Any CPU
		{CD35DCA7-443D-418F-9F72-9FF7AD0964D6}.Distribution|Windows-AnyCPU.ActiveCfg = Debug|Any CPU
		{CD35DCA7-443D-418F-9F72-9FF7AD0964D6}.Distribution|Windows-ARM.ActiveCfg = Debug|Any CPU
		{CD35DCA7-443D-418F-9F72-9FF7AD0964D6}.Distribution|Windows-x64.ActiveCfg = Debug|Any CPU
		{CD35DCA7-443D-418F-9F72-9FF7AD0964D6}.Distribution|Windows-x86.ActiveCfg = Debug|Any CPU
		{CD35DCA7-443D-418F-9F72-9FF7AD0964D6}.Release|Android.ActiveCfg = Release|Any CPU
		{CD35DCA7-443D-418F-9F72-9FF7AD0964D6}.Release|Any CPU.ActiveCfg = Release|Any CPU
		{CD35DCA7-443D-418F-9F72-9FF7AD0964D6}.Release|Any CPU.Build.0 = Release|Any CPU
		{CD35DCA7-443D-418F-9F72-9FF7AD0964D6}.Release|iOS.ActiveCfg = Release|Any CPU
		{CD35DCA7-443D-418F-9F72-9FF7AD0964D6}.Release|Mixed Platforms.ActiveCfg = Release|Any CPU
		{CD35DCA7-443D-418F-9F72-9FF7AD0964D6}.Release|Mixed Platforms.Build.0 = Release|Any CPU
		{CD35DCA7-443D-418F-9F72-9FF7AD0964D6}.Release|Windows Phone (Universal).ActiveCfg = Release|Any CPU
		{CD35DCA7-443D-418F-9F72-9FF7AD0964D6}.Release|Windows Phone 8.ActiveCfg = Release|Any CPU
		{CD35DCA7-443D-418F-9F72-9FF7AD0964D6}.Release|Windows-AnyCPU.ActiveCfg = Release|Any CPU
		{CD35DCA7-443D-418F-9F72-9FF7AD0964D6}.Release|Windows-ARM.ActiveCfg = Release|Any CPU
		{CD35DCA7-443D-418F-9F72-9FF7AD0964D6}.Release|Windows-x64.ActiveCfg = Release|Any CPU
		{CD35DCA7-443D-418F-9F72-9FF7AD0964D6}.Release|Windows-x86.ActiveCfg = Release|Any CPU
		{CCA3342C-D280-4395-A972-0DA30C336C86}.Debug|Android.ActiveCfg = Debug|Any CPU
		{CCA3342C-D280-4395-A972-0DA30C336C86}.Debug|Any CPU.ActiveCfg = Debug|Any CPU
		{CCA3342C-D280-4395-A972-0DA30C336C86}.Debug|Any CPU.Build.0 = Debug|Any CPU
		{CCA3342C-D280-4395-A972-0DA30C336C86}.Debug|iOS.ActiveCfg = Debug|Any CPU
		{CCA3342C-D280-4395-A972-0DA30C336C86}.Debug|Mixed Platforms.ActiveCfg = Debug|Any CPU
		{CCA3342C-D280-4395-A972-0DA30C336C86}.Debug|Mixed Platforms.Build.0 = Debug|Any CPU
		{CCA3342C-D280-4395-A972-0DA30C336C86}.Debug|Windows Phone (Universal).ActiveCfg = Debug|Any CPU
		{CCA3342C-D280-4395-A972-0DA30C336C86}.Debug|Windows Phone 8.ActiveCfg = Debug|Any CPU
		{CCA3342C-D280-4395-A972-0DA30C336C86}.Debug|Windows-AnyCPU.ActiveCfg = Debug|Any CPU
		{CCA3342C-D280-4395-A972-0DA30C336C86}.Debug|Windows-ARM.ActiveCfg = Debug|Any CPU
		{CCA3342C-D280-4395-A972-0DA30C336C86}.Debug|Windows-x64.ActiveCfg = Debug|Any CPU
		{CCA3342C-D280-4395-A972-0DA30C336C86}.Debug|Windows-x86.ActiveCfg = Debug|Any CPU
		{CCA3342C-D280-4395-A972-0DA30C336C86}.Distribution|Android.ActiveCfg = Debug|Any CPU
		{CCA3342C-D280-4395-A972-0DA30C336C86}.Distribution|Any CPU.ActiveCfg = Debug|Any CPU
		{CCA3342C-D280-4395-A972-0DA30C336C86}.Distribution|Any CPU.Build.0 = Debug|Any CPU
		{CCA3342C-D280-4395-A972-0DA30C336C86}.Distribution|iOS.ActiveCfg = Debug|Any CPU
		{CCA3342C-D280-4395-A972-0DA30C336C86}.Distribution|Mixed Platforms.ActiveCfg = Debug|Any CPU
		{CCA3342C-D280-4395-A972-0DA30C336C86}.Distribution|Mixed Platforms.Build.0 = Debug|Any CPU
		{CCA3342C-D280-4395-A972-0DA30C336C86}.Distribution|Windows Phone (Universal).ActiveCfg = Debug|Any CPU
		{CCA3342C-D280-4395-A972-0DA30C336C86}.Distribution|Windows Phone 8.ActiveCfg = Debug|Any CPU
		{CCA3342C-D280-4395-A972-0DA30C336C86}.Distribution|Windows-AnyCPU.ActiveCfg = Debug|Any CPU
		{CCA3342C-D280-4395-A972-0DA30C336C86}.Distribution|Windows-ARM.ActiveCfg = Debug|Any CPU
		{CCA3342C-D280-4395-A972-0DA30C336C86}.Distribution|Windows-x64.ActiveCfg = Debug|Any CPU
		{CCA3342C-D280-4395-A972-0DA30C336C86}.Distribution|Windows-x86.ActiveCfg = Debug|Any CPU
		{CCA3342C-D280-4395-A972-0DA30C336C86}.Release|Android.ActiveCfg = Release|Any CPU
		{CCA3342C-D280-4395-A972-0DA30C336C86}.Release|Any CPU.ActiveCfg = Release|Any CPU
		{CCA3342C-D280-4395-A972-0DA30C336C86}.Release|Any CPU.Build.0 = Release|Any CPU
		{CCA3342C-D280-4395-A972-0DA30C336C86}.Release|iOS.ActiveCfg = Release|Any CPU
		{CCA3342C-D280-4395-A972-0DA30C336C86}.Release|Mixed Platforms.ActiveCfg = Release|Any CPU
		{CCA3342C-D280-4395-A972-0DA30C336C86}.Release|Mixed Platforms.Build.0 = Release|Any CPU
		{CCA3342C-D280-4395-A972-0DA30C336C86}.Release|Windows Phone (Universal).ActiveCfg = Release|Any CPU
		{CCA3342C-D280-4395-A972-0DA30C336C86}.Release|Windows Phone 8.ActiveCfg = Release|Any CPU
		{CCA3342C-D280-4395-A972-0DA30C336C86}.Release|Windows-AnyCPU.ActiveCfg = Release|Any CPU
		{CCA3342C-D280-4395-A972-0DA30C336C86}.Release|Windows-ARM.ActiveCfg = Release|Any CPU
		{CCA3342C-D280-4395-A972-0DA30C336C86}.Release|Windows-x64.ActiveCfg = Release|Any CPU
		{CCA3342C-D280-4395-A972-0DA30C336C86}.Release|Windows-x86.ActiveCfg = Release|Any CPU
		{AF9A0CD5-EA39-41AB-B956-467028E06161}.Debug|Android.ActiveCfg = Debug|Any CPU
		{AF9A0CD5-EA39-41AB-B956-467028E06161}.Debug|Any CPU.ActiveCfg = Debug|Any CPU
		{AF9A0CD5-EA39-41AB-B956-467028E06161}.Debug|Any CPU.Build.0 = Debug|Any CPU
		{AF9A0CD5-EA39-41AB-B956-467028E06161}.Debug|iOS.ActiveCfg = Debug|Any CPU
		{AF9A0CD5-EA39-41AB-B956-467028E06161}.Debug|Mixed Platforms.ActiveCfg = Debug|Any CPU
		{AF9A0CD5-EA39-41AB-B956-467028E06161}.Debug|Mixed Platforms.Build.0 = Debug|Any CPU
		{AF9A0CD5-EA39-41AB-B956-467028E06161}.Debug|Windows Phone (Universal).ActiveCfg = Debug|Any CPU
		{AF9A0CD5-EA39-41AB-B956-467028E06161}.Debug|Windows Phone 8.ActiveCfg = Debug|Any CPU
		{AF9A0CD5-EA39-41AB-B956-467028E06161}.Debug|Windows-AnyCPU.ActiveCfg = Debug|Any CPU
		{AF9A0CD5-EA39-41AB-B956-467028E06161}.Debug|Windows-ARM.ActiveCfg = Debug|Any CPU
		{AF9A0CD5-EA39-41AB-B956-467028E06161}.Debug|Windows-x64.ActiveCfg = Debug|Any CPU
		{AF9A0CD5-EA39-41AB-B956-467028E06161}.Debug|Windows-x86.ActiveCfg = Debug|Any CPU
		{AF9A0CD5-EA39-41AB-B956-467028E06161}.Distribution|Android.ActiveCfg = Debug|Any CPU
		{AF9A0CD5-EA39-41AB-B956-467028E06161}.Distribution|Any CPU.ActiveCfg = Debug|Any CPU
		{AF9A0CD5-EA39-41AB-B956-467028E06161}.Distribution|Any CPU.Build.0 = Debug|Any CPU
		{AF9A0CD5-EA39-41AB-B956-467028E06161}.Distribution|iOS.ActiveCfg = Debug|Any CPU
		{AF9A0CD5-EA39-41AB-B956-467028E06161}.Distribution|Mixed Platforms.ActiveCfg = Debug|Any CPU
		{AF9A0CD5-EA39-41AB-B956-467028E06161}.Distribution|Mixed Platforms.Build.0 = Debug|Any CPU
		{AF9A0CD5-EA39-41AB-B956-467028E06161}.Distribution|Windows Phone (Universal).ActiveCfg = Debug|Any CPU
		{AF9A0CD5-EA39-41AB-B956-467028E06161}.Distribution|Windows Phone 8.ActiveCfg = Debug|Any CPU
		{AF9A0CD5-EA39-41AB-B956-467028E06161}.Distribution|Windows-AnyCPU.ActiveCfg = Debug|Any CPU
		{AF9A0CD5-EA39-41AB-B956-467028E06161}.Distribution|Windows-ARM.ActiveCfg = Debug|Any CPU
		{AF9A0CD5-EA39-41AB-B956-467028E06161}.Distribution|Windows-x64.ActiveCfg = Debug|Any CPU
		{AF9A0CD5-EA39-41AB-B956-467028E06161}.Distribution|Windows-x86.ActiveCfg = Debug|Any CPU
		{AF9A0CD5-EA39-41AB-B956-467028E06161}.Release|Android.ActiveCfg = Release|Any CPU
		{AF9A0CD5-EA39-41AB-B956-467028E06161}.Release|Any CPU.ActiveCfg = Release|Any CPU
		{AF9A0CD5-EA39-41AB-B956-467028E06161}.Release|Any CPU.Build.0 = Release|Any CPU
		{AF9A0CD5-EA39-41AB-B956-467028E06161}.Release|iOS.ActiveCfg = Release|Any CPU
		{AF9A0CD5-EA39-41AB-B956-467028E06161}.Release|Mixed Platforms.ActiveCfg = Release|Any CPU
		{AF9A0CD5-EA39-41AB-B956-467028E06161}.Release|Mixed Platforms.Build.0 = Release|Any CPU
		{AF9A0CD5-EA39-41AB-B956-467028E06161}.Release|Windows Phone (Universal).ActiveCfg = Release|Any CPU
		{AF9A0CD5-EA39-41AB-B956-467028E06161}.Release|Windows Phone 8.ActiveCfg = Release|Any CPU
		{AF9A0CD5-EA39-41AB-B956-467028E06161}.Release|Windows-AnyCPU.ActiveCfg = Release|Any CPU
		{AF9A0CD5-EA39-41AB-B956-467028E06161}.Release|Windows-ARM.ActiveCfg = Release|Any CPU
		{AF9A0CD5-EA39-41AB-B956-467028E06161}.Release|Windows-x64.ActiveCfg = Release|Any CPU
		{AF9A0CD5-EA39-41AB-B956-467028E06161}.Release|Windows-x86.ActiveCfg = Release|Any CPU
		{198C8DA2-D8ED-470C-9C94-6102B6093140}.Debug|Android.ActiveCfg = Debug|Any CPU
		{198C8DA2-D8ED-470C-9C94-6102B6093140}.Debug|Any CPU.ActiveCfg = Debug|Any CPU
		{198C8DA2-D8ED-470C-9C94-6102B6093140}.Debug|Any CPU.Build.0 = Debug|Any CPU
		{198C8DA2-D8ED-470C-9C94-6102B6093140}.Debug|iOS.ActiveCfg = Debug|Any CPU
		{198C8DA2-D8ED-470C-9C94-6102B6093140}.Debug|Mixed Platforms.ActiveCfg = Debug|Any CPU
		{198C8DA2-D8ED-470C-9C94-6102B6093140}.Debug|Mixed Platforms.Build.0 = Debug|Any CPU
		{198C8DA2-D8ED-470C-9C94-6102B6093140}.Debug|Windows Phone (Universal).ActiveCfg = Debug|Any CPU
		{198C8DA2-D8ED-470C-9C94-6102B6093140}.Debug|Windows Phone 8.ActiveCfg = Debug|Any CPU
		{198C8DA2-D8ED-470C-9C94-6102B6093140}.Debug|Windows-AnyCPU.ActiveCfg = Debug|Any CPU
		{198C8DA2-D8ED-470C-9C94-6102B6093140}.Debug|Windows-ARM.ActiveCfg = Debug|Any CPU
		{198C8DA2-D8ED-470C-9C94-6102B6093140}.Debug|Windows-x64.ActiveCfg = Debug|Any CPU
		{198C8DA2-D8ED-470C-9C94-6102B6093140}.Debug|Windows-x86.ActiveCfg = Debug|Any CPU
		{198C8DA2-D8ED-470C-9C94-6102B6093140}.Distribution|Android.ActiveCfg = Debug|Any CPU
		{198C8DA2-D8ED-470C-9C94-6102B6093140}.Distribution|Any CPU.ActiveCfg = Debug|Any CPU
		{198C8DA2-D8ED-470C-9C94-6102B6093140}.Distribution|Any CPU.Build.0 = Debug|Any CPU
		{198C8DA2-D8ED-470C-9C94-6102B6093140}.Distribution|iOS.ActiveCfg = Debug|Any CPU
		{198C8DA2-D8ED-470C-9C94-6102B6093140}.Distribution|Mixed Platforms.ActiveCfg = Debug|Any CPU
		{198C8DA2-D8ED-470C-9C94-6102B6093140}.Distribution|Mixed Platforms.Build.0 = Debug|Any CPU
		{198C8DA2-D8ED-470C-9C94-6102B6093140}.Distribution|Windows Phone (Universal).ActiveCfg = Debug|Any CPU
		{198C8DA2-D8ED-470C-9C94-6102B6093140}.Distribution|Windows Phone 8.ActiveCfg = Debug|Any CPU
		{198C8DA2-D8ED-470C-9C94-6102B6093140}.Distribution|Windows-AnyCPU.ActiveCfg = Debug|Any CPU
		{198C8DA2-D8ED-470C-9C94-6102B6093140}.Distribution|Windows-ARM.ActiveCfg = Debug|Any CPU
		{198C8DA2-D8ED-470C-9C94-6102B6093140}.Distribution|Windows-x64.ActiveCfg = Debug|Any CPU
		{198C8DA2-D8ED-470C-9C94-6102B6093140}.Distribution|Windows-x86.ActiveCfg = Debug|Any CPU
		{198C8DA2-D8ED-470C-9C94-6102B6093140}.Release|Android.ActiveCfg = Release|Any CPU
		{198C8DA2-D8ED-470C-9C94-6102B6093140}.Release|Any CPU.ActiveCfg = Release|Any CPU
		{198C8DA2-D8ED-470C-9C94-6102B6093140}.Release|Any CPU.Build.0 = Release|Any CPU
		{198C8DA2-D8ED-470C-9C94-6102B6093140}.Release|iOS.ActiveCfg = Release|Any CPU
		{198C8DA2-D8ED-470C-9C94-6102B6093140}.Release|Mixed Platforms.ActiveCfg = Release|Any CPU
		{198C8DA2-D8ED-470C-9C94-6102B6093140}.Release|Mixed Platforms.Build.0 = Release|Any CPU
		{198C8DA2-D8ED-470C-9C94-6102B6093140}.Release|Windows Phone (Universal).ActiveCfg = Release|Any CPU
		{198C8DA2-D8ED-470C-9C94-6102B6093140}.Release|Windows Phone 8.ActiveCfg = Release|Any CPU
		{198C8DA2-D8ED-470C-9C94-6102B6093140}.Release|Windows-AnyCPU.ActiveCfg = Release|Any CPU
		{198C8DA2-D8ED-470C-9C94-6102B6093140}.Release|Windows-ARM.ActiveCfg = Release|Any CPU
		{198C8DA2-D8ED-470C-9C94-6102B6093140}.Release|Windows-x64.ActiveCfg = Release|Any CPU
		{198C8DA2-D8ED-470C-9C94-6102B6093140}.Release|Windows-x86.ActiveCfg = Release|Any CPU
		{CF4CB328-BB81-4E78-A97D-C693F6493F5C}.Debug|Android.ActiveCfg = Debug|Any CPU
		{CF4CB328-BB81-4E78-A97D-C693F6493F5C}.Debug|Any CPU.ActiveCfg = Debug|Any CPU
		{CF4CB328-BB81-4E78-A97D-C693F6493F5C}.Debug|Any CPU.Build.0 = Debug|Any CPU
		{CF4CB328-BB81-4E78-A97D-C693F6493F5C}.Debug|iOS.ActiveCfg = Debug|Any CPU
		{CF4CB328-BB81-4E78-A97D-C693F6493F5C}.Debug|Mixed Platforms.ActiveCfg = Debug|Any CPU
		{CF4CB328-BB81-4E78-A97D-C693F6493F5C}.Debug|Mixed Platforms.Build.0 = Debug|Any CPU
		{CF4CB328-BB81-4E78-A97D-C693F6493F5C}.Debug|Windows Phone (Universal).ActiveCfg = Debug|Any CPU
		{CF4CB328-BB81-4E78-A97D-C693F6493F5C}.Debug|Windows Phone 8.ActiveCfg = Debug|Any CPU
		{CF4CB328-BB81-4E78-A97D-C693F6493F5C}.Debug|Windows-AnyCPU.ActiveCfg = Debug|Any CPU
		{CF4CB328-BB81-4E78-A97D-C693F6493F5C}.Debug|Windows-ARM.ActiveCfg = Debug|Any CPU
		{CF4CB328-BB81-4E78-A97D-C693F6493F5C}.Debug|Windows-x64.ActiveCfg = Debug|Any CPU
		{CF4CB328-BB81-4E78-A97D-C693F6493F5C}.Debug|Windows-x86.ActiveCfg = Debug|Any CPU
		{CF4CB328-BB81-4E78-A97D-C693F6493F5C}.Distribution|Android.ActiveCfg = Debug|Any CPU
		{CF4CB328-BB81-4E78-A97D-C693F6493F5C}.Distribution|Any CPU.ActiveCfg = Debug|Any CPU
		{CF4CB328-BB81-4E78-A97D-C693F6493F5C}.Distribution|Any CPU.Build.0 = Debug|Any CPU
		{CF4CB328-BB81-4E78-A97D-C693F6493F5C}.Distribution|iOS.ActiveCfg = Debug|Any CPU
		{CF4CB328-BB81-4E78-A97D-C693F6493F5C}.Distribution|Mixed Platforms.ActiveCfg = Debug|Any CPU
		{CF4CB328-BB81-4E78-A97D-C693F6493F5C}.Distribution|Mixed Platforms.Build.0 = Debug|Any CPU
		{CF4CB328-BB81-4E78-A97D-C693F6493F5C}.Distribution|Windows Phone (Universal).ActiveCfg = Debug|Any CPU
		{CF4CB328-BB81-4E78-A97D-C693F6493F5C}.Distribution|Windows Phone 8.ActiveCfg = Debug|Any CPU
		{CF4CB328-BB81-4E78-A97D-C693F6493F5C}.Distribution|Windows-AnyCPU.ActiveCfg = Debug|Any CPU
		{CF4CB328-BB81-4E78-A97D-C693F6493F5C}.Distribution|Windows-ARM.ActiveCfg = Debug|Any CPU
		{CF4CB328-BB81-4E78-A97D-C693F6493F5C}.Distribution|Windows-x64.ActiveCfg = Debug|Any CPU
		{CF4CB328-BB81-4E78-A97D-C693F6493F5C}.Distribution|Windows-x86.ActiveCfg = Debug|Any CPU
		{CF4CB328-BB81-4E78-A97D-C693F6493F5C}.Release|Android.ActiveCfg = Release|Any CPU
		{CF4CB328-BB81-4E78-A97D-C693F6493F5C}.Release|Any CPU.ActiveCfg = Release|Any CPU
		{CF4CB328-BB81-4E78-A97D-C693F6493F5C}.Release|Any CPU.Build.0 = Release|Any CPU
		{CF4CB328-BB81-4E78-A97D-C693F6493F5C}.Release|iOS.ActiveCfg = Release|Any CPU
		{CF4CB328-BB81-4E78-A97D-C693F6493F5C}.Release|Mixed Platforms.ActiveCfg = Release|Any CPU
		{CF4CB328-BB81-4E78-A97D-C693F6493F5C}.Release|Mixed Platforms.Build.0 = Release|Any CPU
		{CF4CB328-BB81-4E78-A97D-C693F6493F5C}.Release|Windows Phone (Universal).ActiveCfg = Release|Any CPU
		{CF4CB328-BB81-4E78-A97D-C693F6493F5C}.Release|Windows Phone 8.ActiveCfg = Release|Any CPU
		{CF4CB328-BB81-4E78-A97D-C693F6493F5C}.Release|Windows-AnyCPU.ActiveCfg = Release|Any CPU
		{CF4CB328-BB81-4E78-A97D-C693F6493F5C}.Release|Windows-ARM.ActiveCfg = Release|Any CPU
		{CF4CB328-BB81-4E78-A97D-C693F6493F5C}.Release|Windows-x64.ActiveCfg = Release|Any CPU
		{CF4CB328-BB81-4E78-A97D-C693F6493F5C}.Release|Windows-x86.ActiveCfg = Release|Any CPU
		{A6531BF1-B3D9-4837-AC6A-520C584AC4FF}.Debug|Android.ActiveCfg = Debug|Any CPU
		{A6531BF1-B3D9-4837-AC6A-520C584AC4FF}.Debug|Any CPU.ActiveCfg = Debug|Any CPU
		{A6531BF1-B3D9-4837-AC6A-520C584AC4FF}.Debug|Any CPU.Build.0 = Debug|Any CPU
		{A6531BF1-B3D9-4837-AC6A-520C584AC4FF}.Debug|iOS.ActiveCfg = Debug|Any CPU
		{A6531BF1-B3D9-4837-AC6A-520C584AC4FF}.Debug|Mixed Platforms.ActiveCfg = Debug|Any CPU
		{A6531BF1-B3D9-4837-AC6A-520C584AC4FF}.Debug|Mixed Platforms.Build.0 = Debug|Any CPU
		{A6531BF1-B3D9-4837-AC6A-520C584AC4FF}.Debug|Windows Phone (Universal).ActiveCfg = Debug|Any CPU
		{A6531BF1-B3D9-4837-AC6A-520C584AC4FF}.Debug|Windows Phone 8.ActiveCfg = Debug|Any CPU
		{A6531BF1-B3D9-4837-AC6A-520C584AC4FF}.Debug|Windows-AnyCPU.ActiveCfg = Debug|Any CPU
		{A6531BF1-B3D9-4837-AC6A-520C584AC4FF}.Debug|Windows-ARM.ActiveCfg = Debug|Any CPU
		{A6531BF1-B3D9-4837-AC6A-520C584AC4FF}.Debug|Windows-x64.ActiveCfg = Debug|Any CPU
		{A6531BF1-B3D9-4837-AC6A-520C584AC4FF}.Debug|Windows-x86.ActiveCfg = Debug|Any CPU
		{A6531BF1-B3D9-4837-AC6A-520C584AC4FF}.Distribution|Android.ActiveCfg = Debug|Any CPU
		{A6531BF1-B3D9-4837-AC6A-520C584AC4FF}.Distribution|Any CPU.ActiveCfg = Debug|Any CPU
		{A6531BF1-B3D9-4837-AC6A-520C584AC4FF}.Distribution|Any CPU.Build.0 = Debug|Any CPU
		{A6531BF1-B3D9-4837-AC6A-520C584AC4FF}.Distribution|iOS.ActiveCfg = Debug|Any CPU
		{A6531BF1-B3D9-4837-AC6A-520C584AC4FF}.Distribution|Mixed Platforms.ActiveCfg = Debug|Any CPU
		{A6531BF1-B3D9-4837-AC6A-520C584AC4FF}.Distribution|Mixed Platforms.Build.0 = Debug|Any CPU
		{A6531BF1-B3D9-4837-AC6A-520C584AC4FF}.Distribution|Windows Phone (Universal).ActiveCfg = Debug|Any CPU
		{A6531BF1-B3D9-4837-AC6A-520C584AC4FF}.Distribution|Windows Phone 8.ActiveCfg = Debug|Any CPU
		{A6531BF1-B3D9-4837-AC6A-520C584AC4FF}.Distribution|Windows-AnyCPU.ActiveCfg = Debug|Any CPU
		{A6531BF1-B3D9-4837-AC6A-520C584AC4FF}.Distribution|Windows-ARM.ActiveCfg = Debug|Any CPU
		{A6531BF1-B3D9-4837-AC6A-520C584AC4FF}.Distribution|Windows-x64.ActiveCfg = Debug|Any CPU
		{A6531BF1-B3D9-4837-AC6A-520C584AC4FF}.Distribution|Windows-x86.ActiveCfg = Debug|Any CPU
		{A6531BF1-B3D9-4837-AC6A-520C584AC4FF}.Release|Android.ActiveCfg = Release|Any CPU
		{A6531BF1-B3D9-4837-AC6A-520C584AC4FF}.Release|Any CPU.ActiveCfg = Release|Any CPU
		{A6531BF1-B3D9-4837-AC6A-520C584AC4FF}.Release|Any CPU.Build.0 = Release|Any CPU
		{A6531BF1-B3D9-4837-AC6A-520C584AC4FF}.Release|iOS.ActiveCfg = Release|Any CPU
		{A6531BF1-B3D9-4837-AC6A-520C584AC4FF}.Release|Mixed Platforms.ActiveCfg = Release|Any CPU
		{A6531BF1-B3D9-4837-AC6A-520C584AC4FF}.Release|Mixed Platforms.Build.0 = Release|Any CPU
		{A6531BF1-B3D9-4837-AC6A-520C584AC4FF}.Release|Windows Phone (Universal).ActiveCfg = Release|Any CPU
		{A6531BF1-B3D9-4837-AC6A-520C584AC4FF}.Release|Windows Phone 8.ActiveCfg = Release|Any CPU
		{A6531BF1-B3D9-4837-AC6A-520C584AC4FF}.Release|Windows-AnyCPU.ActiveCfg = Release|Any CPU
		{A6531BF1-B3D9-4837-AC6A-520C584AC4FF}.Release|Windows-ARM.ActiveCfg = Release|Any CPU
		{A6531BF1-B3D9-4837-AC6A-520C584AC4FF}.Release|Windows-x64.ActiveCfg = Release|Any CPU
		{A6531BF1-B3D9-4837-AC6A-520C584AC4FF}.Release|Windows-x86.ActiveCfg = Release|Any CPU
	EndGlobalSection
	GlobalSection(SolutionProperties) = preSolution
		HideSolutionNode = FALSE
	EndGlobalSection
EndGlobal
